# This file was autogenerated by Stack.
# You should not edit this file by hand.
# For more information, please see the documentation at:
#   https://docs.haskellstack.org/en/stable/lock_files

packages:
- completed:
    hackage: stemmer-0.5.2@sha256:823aec56249ec2619f60a2c0d1384b732894dbbbe642856d337ebfe9629a0efd,4082
    pantry-tree:
      size: 5959
      sha256: e88410158af145406b4265c693cfb095b6ca24ff66851c65697dccf0eba0c5d7
  original:
    hackage: stemmer-0.5.2
snapshots:
- completed:
    size: 565712
    url: https://raw.githubusercontent.com/commercialhaskell/stackage-snapshots/master/lts/17/6.yaml
    sha256: 4e5e581a709c88e3fe26a9ce8bf331435729bead762fb5c190064c6c5bb1b835
  original:
    url: https://raw.githubusercontent.com/commercialhaskell/stackage-snapshots/master/lts/17/6.yaml
